
Microsoft Visual Studio Solution File, Format Version 11.00
# Visual Studio 2010
# SharpDevelop 4.4
Project("{FAE04EC0-301F-11D3-BF4B-00C04F79EFBC}") = "laboratoriPizzeriaExpress", "laboratoriPizzeriaExpress\laboratoriPizzeriaExpress.csproj", "{72FB05D4-595E-4624-B66B-00967638F65F}"
EndProject
Global
	GlobalSection(SolutionConfigurationPlatforms) = preSolution
		Debug|Any CPU = Debug|Any CPU
		Release|Any CPU = Release|Any CPU
	EndGlobalSection
	GlobalSection(ProjectConfigurationPlatforms) = postSolution
		{72FB05D4-595E-4624-B66B-00967638F65F}.Debug|Any CPU.Build.0 = Debug|Any CPU
		{72FB05D4-595E-4624-B66B-00967638F65F}.Debug|Any CPU.ActiveCfg = Debug|Any CPU
		{72FB05D4-595E-4624-B66B-00967638F65F}.Release|Any CPU.Build.0 = Release|Any CPU
		{72FB05D4-595E-4624-B66B-00967638F65F}.Release|Any CPU.ActiveCfg = Release|Any CPU
	EndGlobalSection
EndGlobal
